
Microsoft Visual Studio Solution File, Format Version 12.00
# Visual Studio Version 17
VisualStudioVersion = 17.0.31912.275
MinimumVisualStudioVersion = 10.0.40219.1
Project("{8BC9CEB8-8B4A-11D0-8D11-00A0C91BC942}") = "hw2.21", "hw2.21\hw2.21.vcxproj", "{CC10788A-7369-41C2-8BE8-775CA98109D1}"
EndProject
Project("{8BC9CEB8-8B4A-11D0-8D11-00A0C91BC942}") = "hw2.23", "hw2.23\hw2.23.vcxproj", "{D708E274-280F-4D60-9DAE-D483C0CFC3EF}"
EndProject
Project("{8BC9CEB8-8B4A-11D0-8D11-00A0C91BC942}") = "hw2.24", "hw2.24\hw2.24.vcxproj", "{E24E9A62-042D-4BB1-92A3-6CDEDF187324}"
EndProject
Project("{8BC9CEB8-8B4A-11D0-8D11-00A0C91BC942}") = "hw2.25", "hw2.25\hw2.25.vcxproj", "{0168B343-CBA5-4735-9721-81608B56B3F9}"
EndProject
Project("{8BC9CEB8-8B4A-11D0-8D11-00A0C91BC942}") = "hw2.26", "hw2.26\hw2.26.vcxproj", "{3B4D8264-1F95-419E-AF88-9D482CAF3363}"
EndProject
Project("{8BC9CEB8-8B4A-11D0-8D11-00A0C91BC942}") = "hw2.27", "hw2.27\hw2.27.vcxproj", "{843830D4-B326-4071-ACF3-3CC000816119}"
EndProject
Project("{8BC9CEB8-8B4A-11D0-8D11-00A0C91BC942}") = "hw2.31", "hw2.31\hw2.31.vcxproj", "{91A14E0F-36E1-4E49-B0A1-FECB19C90D91}"
EndProject
Project("{8BC9CEB8-8B4A-11D0-8D11-00A0C91BC942}") = "hw2.32", "hw2.32\hw2.32.vcxproj", "{E2896D4C-0058-4422-8543-7C7E2CFAAFC3}"
EndProject
Project("{8BC9CEB8-8B4A-11D0-8D11-00A0C91BC942}") = "hw2.33", "hw2.33\hw2.33.vcxproj", "{FDDE7B76-DD75-4370-876E-0D95EEEDB29A}"
EndProject
Global
	GlobalSection(SolutionConfigurationPlatforms) = preSolution
		Debug|x64 = Debug|x64
		Debug|x86 = Debug|x86
		Release|x64 = Release|x64
		Release|x86 = Release|x86
	EndGlobalSection
	GlobalSection(ProjectConfigurationPlatforms) = postSolution
		{CC10788A-7369-41C2-8BE8-775CA98109D1}.Debug|x64.ActiveCfg = Debug|x64
		{CC10788A-7369-41C2-8BE8-775CA98109D1}.Debug|x64.Build.0 = Debug|x64
		{CC10788A-7369-41C2-8BE8-775CA98109D1}.Debug|x86.ActiveCfg = Debug|Win32
		{CC10788A-7369-41C2-8BE8-775CA98109D1}.Debug|x86.Build.0 = Debug|Win32
		{CC10788A-7369-41C2-8BE8-775CA98109D1}.Release|x64.ActiveCfg = Release|x64
		{CC10788A-7369-41C2-8BE8-775CA98109D1}.Release|x64.Build.0 = Release|x64
		{CC10788A-7369-41C2-8BE8-775CA98109D1}.Release|x86.ActiveCfg = Release|Win32
		{CC10788A-7369-41C2-8BE8-775CA98109D1}.Release|x86.Build.0 = Release|Win32
		{D708E274-280F-4D60-9DAE-D483C0CFC3EF}.Debug|x64.ActiveCfg = Debug|x64
		{D708E274-280F-4D60-9DAE-D483C0CFC3EF}.Debug|x64.Build.0 = Debug|x64
		{D708E274-280F-4D60-9DAE-D483C0CFC3EF}.Debug|x86.ActiveCfg = Debug|Win32
		{D708E274-280F-4D60-9DAE-D483C0CFC3EF}.Debug|x86.Build.0 = Debug|Win32
		{D708E274-280F-4D60-9DAE-D483C0CFC3EF}.Release|x64.ActiveCfg = Release|x64
		{D708E274-280F-4D60-9DAE-D483C0CFC3EF}.Release|x64.Build.0 = Release|x64
		{D708E274-280F-4D60-9DAE-D483C0CFC3EF}.Release|x86.ActiveCfg = Release|Win32
		{D708E274-280F-4D60-9DAE-D483C0CFC3EF}.Release|x86.Build.0 = Release|Win32
		{E24E9A62-042D-4BB1-92A3-6CDEDF187324}.Debug|x64.ActiveCfg = Debug|x64
		{E24E9A62-042D-4BB1-92A3-6CDEDF187324}.Debug|x64.Build.0 = Debug|x64
		{E24E9A62-042D-4BB1-92A3-6CDEDF187324}.Debug|x86.ActiveCfg = Debug|Win32
		{E24E9A62-042D-4BB1-92A3-6CDEDF187324}.Debug|x86.Build.0 = Debug|Win32
		{E24E9A62-042D-4BB1-92A3-6CDEDF187324}.Release|x64.ActiveCfg = Release|x64
		{E24E9A62-042D-4BB1-92A3-6CDEDF187324}.Release|x64.Build.0 = Release|x64
		{E24E9A62-042D-4BB1-92A3-6CDEDF187324}.Release|x86.ActiveCfg = Release|Win32
		{E24E9A62-042D-4BB1-92A3-6CDEDF187324}.Release|x86.Build.0 = Release|Win32
		{0168B343-CBA5-4735-9721-81608B56B3F9}.Debug|x64.ActiveCfg = Debug|x64
		{0168B343-CBA5-4735-9721-81608B56B3F9}.Debug|x64.Build.0 = Debug|x64
		{0168B343-CBA5-4735-9721-81608B56B3F9}.Debug|x86.ActiveCfg = Debug|Win32
		{0168B343-CBA5-4735-9721-81608B56B3F9}.Debug|x86.Build.0 = Debug|Win32
		{0168B343-CBA5-4735-9721-81608B56B3F9}.Release|x64.ActiveCfg = Release|x64
		{0168B343-CBA5-4735-9721-81608B56B3F9}.Release|x64.Build.0 = Release|x64
		{0168B343-CBA5-4735-9721-81608B56B3F9}.Release|x86.ActiveCfg = Release|Win32
		{0168B343-CBA5-4735-9721-81608B56B3F9}.Release|x86.Build.0 = Release|Win32
		{3B4D8264-1F95-419E-AF88-9D482CAF3363}.Debug|x64.ActiveCfg = Debug|x64
		{3B4D8264-1F95-419E-AF88-9D482CAF3363}.Debug|x64.Build.0 = Debug|x64
		{3B4D8264-1F95-419E-AF88-9D482CAF3363}.Debug|x86.ActiveCfg = Debug|Win32
		{3B4D8264-1F95-419E-AF88-9D482CAF3363}.Debug|x86.Build.0 = Debug|Win32
		{3B4D8264-1F95-419E-AF88-9D482CAF3363}.Release|x64.ActiveCfg = Release|x64
		{3B4D8264-1F95-419E-AF88-9D482CAF3363}.Release|x64.Build.0 = Release|x64
		{3B4D8264-1F95-419E-AF88-9D482CAF3363}.Release|x86.ActiveCfg = Release|Win32
		{3B4D8264-1F95-419E-AF88-9D482CAF3363}.Release|x86.Build.0 = Release|Win32
		{843830D4-B326-4071-ACF3-3CC000816119}.Debug|x64.ActiveCfg = Debug|x64
		{843830D4-B326-4071-ACF3-3CC000816119}.Debug|x64.Build.0 = Debug|x64
		{843830D4-B326-4071-ACF3-3CC000816119}.Debug|x86.ActiveCfg = Debug|Win32
		{843830D4-B326-4071-ACF3-3CC000816119}.Debug|x86.Build.0 = Debug|Win32
		{843830D4-B326-4071-ACF3-3CC000816119}.Release|x64.ActiveCfg = Release|x64
		{843830D4-B326-4071-ACF3-3CC000816119}.Release|x64.Build.0 = Release|x64
		{843830D4-B326-4071-ACF3-3CC000816119}.Release|x86.ActiveCfg = Release|Win32
		{843830D4-B326-4071-ACF3-3CC000816119}.Release|x86.Build.0 = Release|Win32
		{91A14E0F-36E1-4E49-B0A1-FECB19C90D91}.Debug|x64.ActiveCfg = Debug|x64
		{91A14E0F-36E1-4E49-B0A1-FECB19C90D91}.Debug|x64.Build.0 = Debug|x64
		{91A14E0F-36E1-4E49-B0A1-FECB19C90D91}.Debug|x86.ActiveCfg = Debug|Win32
		{91A14E0F-36E1-4E49-B0A1-FECB19C90D91}.Debug|x86.Build.0 = Debug|Win32
		{91A14E0F-36E1-4E49-B0A1-FECB19C90D91}.Release|x64.ActiveCfg = Release|x64
		{91A14E0F-36E1-4E49-B0A1-FECB19C90D91}.Release|x64.Build.0 = Release|x64
		{91A14E0F-36E1-4E49-B0A1-FECB19C90D91}.Release|x86.ActiveCfg = Release|Win32
		{91A14E0F-36E1-4E49-B0A1-FECB19C90D91}.Release|x86.Build.0 = Release|Win32
		{E2896D4C-0058-4422-8543-7C7E2CFAAFC3}.Debug|x64.ActiveCfg = Debug|x64
		{E2896D4C-0058-4422-8543-7C7E2CFAAFC3}.Debug|x64.Build.0 = Debug|x64
		{E2896D4C-0058-4422-8543-7C7E2CFAAFC3}.Debug|x86.ActiveCfg = Debug|Win32
		{E2896D4C-0058-4422-8543-7C7E2CFAAFC3}.Debug|x86.Build.0 = Debug|Win32
		{E2896D4C-0058-4422-8543-7C7E2CFAAFC3}.Release|x64.ActiveCfg = Release|x64
		{E2896D4C-0058-4422-8543-7C7E2CFAAFC3}.Release|x64.Build.0 = Release|x64
		{E2896D4C-0058-4422-8543-7C7E2CFAAFC3}.Release|x86.ActiveCfg = Release|Win32
		{E2896D4C-0058-4422-8543-7C7E2CFAAFC3}.Release|x86.Build.0 = Release|Win32
		{FDDE7B76-DD75-4370-876E-0D95EEEDB29A}.Debug|x64.ActiveCfg = Debug|x64
		{FDDE7B76-DD75-4370-876E-0D95EEEDB29A}.Debug|x64.Build.0 = Debug|x64
		{FDDE7B76-DD75-4370-876E-0D95EEEDB29A}.Debug|x86.ActiveCfg = Debug|Win32
		{FDDE7B76-DD75-4370-876E-0D95EEEDB29A}.Debug|x86.Build.0 = Debug|Win32
		{FDDE7B76-DD75-4370-876E-0D95EEEDB29A}.Release|x64.ActiveCfg = Release|x64
		{FDDE7B76-DD75-4370-876E-0D95EEEDB29A}.Release|x64.Build.0 = Release|x64
		{FDDE7B76-DD75-4370-876E-0D95EEEDB29A}.Release|x86.ActiveCfg = Release|Win32
		{FDDE7B76-DD75-4370-876E-0D95EEEDB29A}.Release|x86.Build.0 = Release|Win32
	EndGlobalSection
	GlobalSection(SolutionProperties) = preSolution
		HideSolutionNode = FALSE
	EndGlobalSection
	GlobalSection(ExtensibilityGlobals) = postSolution
		SolutionGuid = {E767BE16-5BFE-45F6-B110-96D80E3BD684}
	EndGlobalSection
EndGlobal
